{
  "name": "fonts",
  "lockfileVersion": 3,
  "requires": true,
  "packages": {
    "": {
      "dependencies": {
        "@fontsource/crimson-pro": "^5.2.8",
        "@fontsource/inter": "^5.2.8",
        "@fontsource/jetbrains-mono": "^5.2.8"
      }
    },
    "node_modules/@fontsource/crimson-pro": {
      "version": "5.2.8",
      "resolved": "https://registry.npmjs.org/@fontsource/crimson-pro/-/crimson-pro-5.2.8.tgz",
      "integrity": "sha512-t+cAoAswUKEReDPqDNWWSyAp7baZkKrtF6Ry0KrDZQHJCldS9pIbRH0n2hm1u4+SbIUI7c+nUS9yfK6rEhycTw==",
      "license": "OFL-1.1",
      "funding": {
        "url": "https://github.com/sponsors/ayuhito"
      }
    },
    "node_modules/@fontsource/inter": {
      "version": "5.2.8",
      "resolved": "https://registry.npmjs.org/@fontsource/inter/-/inter-5.2.8.tgz",
      "integrity": "sha512-P6r5WnJoKiNVV+zvW2xM13gNdFhAEpQ9dQJHt3naLvfg+LkF2ldgSLiF4T41lf1SQCM9QmkqPTn4TH568IRagg==",
      "license": "OFL-1.1",
      "funding": {
        "url": "https://github.com/sponsors/ayuhito"
      }
    },
    "node_modules/@fontsource/jetbrains-mono": {
      "version": "5.2.8",
      "resolved": "https://registry.npmjs.org/@fontsource/jetbrains-mono/-/jetbrains-mono-5.2.8.tgz",
      "integrity": "sha512-6w8/SG4kqvIMu7xd7wt6x3idn1Qux3p9N62s6G3rfldOUYHpWcc2FKrqf+Vo44jRvqWj2oAtTHrZXEP23oSKwQ==",
      "license": "OFL-1.1",
      "funding": {
        "url": "https://github.com/sponsors/ayuhito"
      }
    }
  }
}
